
Microsoft Visual Studio Solution File, Format Version 12.00
# Visual Studio 14
VisualStudioVersion = 14.0.25420.1
MinimumVisualStudioVersion = 10.0.40219.1
Project("{888888A0-9F3D-457C-B088-3A5042F75D52}") = "Oleg scedule", "Oleg scedule\Oleg scedule.pyproj", "{17AF3DC0-AE09-4CBF-A4BB-6A4C31E65CAF}"
EndProject
Global
	GlobalSection(SolutionConfigurationPlatforms) = preSolution
		Debug|Any CPU = Debug|Any CPU
		Release|Any CPU = Release|Any CPU
	EndGlobalSection
	GlobalSection(ProjectConfigurationPlatforms) = postSolution
		{17AF3DC0-AE09-4CBF-A4BB-6A4C31E65CAF}.Debug|Any CPU.ActiveCfg = Debug|Any CPU
		{17AF3DC0-AE09-4CBF-A4BB-6A4C31E65CAF}.Release|Any CPU.ActiveCfg = Release|Any CPU
	EndGlobalSection
	GlobalSection(SolutionProperties) = preSolution
		HideSolutionNode = FALSE
	EndGlobalSection
EndGlobal
